
Microsoft Visual Studio Solution File, Format Version 12.00
# Visual Studio Version 17
VisualStudioVersion = 17.2.32505.173
MinimumVisualStudioVersion = 10.0.40219.1
Project("{FAE04EC0-301F-11D3-BF4B-00C04F79EFBC}") = "SeleniumHelper", "SeleniumHelper\SeleniumHelper.csproj", "{2301A0A0-1591-49FA-B830-562F2E21129C}"
EndProject
Global
	GlobalSection(SolutionConfigurationPlatforms) = preSolution
		Debug|Any CPU = Debug|Any CPU
		Release|Any CPU = Release|Any CPU
	EndGlobalSection
	GlobalSection(ProjectConfigurationPlatforms) = postSolution
		{2301A0A0-1591-49FA-B830-562F2E21129C}.Debug|Any CPU.ActiveCfg = Debug|Any CPU
		{2301A0A0-1591-49FA-B830-562F2E21129C}.Debug|Any CPU.Build.0 = Debug|Any CPU
		{2301A0A0-1591-49FA-B830-562F2E21129C}.Release|Any CPU.ActiveCfg = Release|Any CPU
		{2301A0A0-1591-49FA-B830-562F2E21129C}.Release|Any CPU.Build.0 = Release|Any CPU
	EndGlobalSection
	GlobalSection(SolutionProperties) = preSolution
		HideSolutionNode = FALSE
	EndGlobalSection
	GlobalSection(ExtensibilityGlobals) = postSolution
		SolutionGuid = {E3FEABFC-75C5-4BDB-B4E8-A5E026034EAF}
	EndGlobalSection
EndGlobal
